name: Create package-lock

on:
  workflow_dispatch:

permissions:
  contents: write

jobs:
  create-lockfile:
    runs-on: ubuntu-latest

    steps:
      - name: Checkout repository
        uses: actions/checkout@v5

      - name: Set up Node.js
        uses: actions/setup-node@v5
        with:
          node-version: '24'

      - name: Create package-lock.json
        run: npm install --package-lock-only --ignore-scripts

      - name: Commit package-lock.json
        run: |
          git config user.name "github-actions[bot]"
          git config user.email "41898282+github-actions[bot]@users.noreply.github.com"

          git add package-lock.json

          if git diff --cached --quiet; then
            echo "package-lock.json is already up to date."
            exit 0
          fi

          git commit -m "Add package-lock.json"
          git push
